PODS:
  - ReactorKit (3.2.0):
    - RxSwift (~> 6.0)
    - WeakMapTable (~> 1.1)
  - RxCocoa (6.1.0):
    - RxRelay (= 6.1.0)
    - RxSwift (= 6.1.0)
  - RxGesture (4.0.2):
    - RxCocoa (~> 6.0)
    - RxSwift (~> 6.0)
  - RxKeyboard (2.0.0):
    - RxCocoa (~> 6.0)
    - RxSwift (~> 6.0)
  - RxRelay (6.1.0):
    - RxSwift (= 6.1.0)
  - RxSwift (6.1.0)
  - SnapKit (5.6.0)
  - SwiftyJSON (4.3.0)
  - Then (3.0.0)
  - WeakMapTable (1.2.0)

DEPENDENCIES:
  - ReactorKit
  - RxGesture
  - RxKeyboard
  - RxSwift
  - SnapKit
  - SwiftyJSON
  - Then

SPEC REPOS:
  trunk:
    - ReactorKit
    - RxCocoa
    - RxGesture
    - RxKeyboard
    - RxRelay
    - RxSwift
    - SnapKit
    - SwiftyJSON
    - Then
    - WeakMapTable

SPEC CHECKSUMS:
  ReactorKit: e8b11d6b9c415405f381669b095c154a05b59eca
  RxCocoa: 5c51f02d562cbd94629f6c26cf0c80fe4ab8d343
  RxGesture: f059f2aeef966fb17dad56ee440e76410f10e55f
  RxKeyboard: 4f5863f43b4ff0cbb2a20b94688d6b80c8a43c14
  RxRelay: 483e1a19fad961b41f0b0c0bee506f46c1ae14fe
  RxSwift: a834e5c538e89eca0cae86f403f4fbf0336786ce
  SnapKit: e01d52ebb8ddbc333eefe2132acf85c8227d9c25
  SwiftyJSON: 6faa0040f8b59dead0ee07436cbf76b73c08fd08
  Then: 844265ae87834bbe1147d91d5d41a404da2ec27d
  WeakMapTable: 05c694ce8439a7a9ebabb56187287a63c57673d6

PODFILE CHECKSUM: a88cad45bc13eb139090baf8586b1edb340065fd

COCOAPODS: 1.11.3
