// !$*UTF8*$!
{
	archiveVersion = 1;
	classes = {
	};
	objectVersion = 56;
	objects = {

/* Begin PBXBuildFile section */
		3460AFEB607A1C7BCB06FC25 /* libPods-GitRepositorySearch.a in Frameworks */ = {isa = PBXBuildFile; fileRef = C151400DC6C6737668F4A9C7 /* libPods-GitRepositorySearch.a */; };
		56A1C2164A95FD84424BD1C0 /* libPods-GitRepositorySearchTests.a in Frameworks */ = {isa = PBXBuildFile; fileRef = C5EDA8952408BD3246ED323D /* libPods-GitRepositorySearchTests.a */; };
		C4314A1B29654AAA00A7D85B /* SearchOptionsViewController.swift in Sources */ = {isa = PBXBuildFile; fileRef = C4314A1A29654AAA00A7D85B /* SearchOptionsViewController.swift */; };
		C4314A1D29654AF400A7D85B /* SearchOptionsReactor.swift in Sources */ = {isa = PBXBuildFile; fileRef = C4314A1C29654AF400A7D85B /* SearchOptionsReactor.swift */; };
		C4314A1F29654C4400A7D85B /* SearchOptionsModel.swift in Sources */ = {isa = PBXBuildFile; fileRef = C4314A1E29654C4400A7D85B /* SearchOptionsModel.swift */; };
		C4314A222965711400A7D85B /* UIColor+Extensions.swift in Sources */ = {isa = PBXBuildFile; fileRef = C4314A212965711400A7D85B /* UIColor+Extensions.swift */; };
		C4314A252965779700A7D85B /* languageColors.json in Resources */ = {isa = PBXBuildFile; fileRef = C4314A242965779700A7D85B /* languageColors.json */; };
		C4314A272965856800A7D85B /* UIImage+Extensions.swift in Sources */ = {isa = PBXBuildFile; fileRef = C4314A262965856800A7D85B /* UIImage+Extensions.swift */; };
		C49DADC329652A6000C49B85 /* Int+Extensions.swift in Sources */ = {isa = PBXBuildFile; fileRef = C49DADC229652A6000C49B85 /* Int+Extensions.swift */; };
		C4A0F6A1296273E800801CBE /* AppDelegate.swift in Sources */ = {isa = PBXBuildFile; fileRef = C4A0F6A0296273E800801CBE /* AppDelegate.swift */; };
		C4A0F6A3296273E800801CBE /* SceneDelegate.swift in Sources */ = {isa = PBXBuildFile; fileRef = C4A0F6A2296273E800801CBE /* SceneDelegate.swift */; };
		C4A0F6AA296273EA00801CBE /* Assets.xcassets in Resources */ = {isa = PBXBuildFile; fileRef = C4A0F6A9296273EA00801CBE /* Assets.xcassets */; };
		C4A0F6AD296273EA00801CBE /* LaunchScreen.storyboard in Resources */ = {isa = PBXBuildFile; fileRef = C4A0F6AB296273EA00801CBE /* LaunchScreen.storyboard */; };
		C4A0F6B8296273EA00801CBE /* GitRepositorySearchTests.swift in Sources */ = {isa = PBXBuildFile; fileRef = C4A0F6B7296273EA00801CBE /* GitRepositorySearchTests.swift */; };
		C4A0F6DB29627BC700801CBE /* BaseViewController.swift in Sources */ = {isa = PBXBuildFile; fileRef = C4A0F6DA29627BC700801CBE /* BaseViewController.swift */; };
		C4A0F6E029627C3900801CBE /* PresentManager.swift in Sources */ = {isa = PBXBuildFile; fileRef = C4A0F6DF29627C3900801CBE /* PresentManager.swift */; };
		C4A0F6E229627D0700801CBE /* CustomLog.swift in Sources */ = {isa = PBXBuildFile; fileRef = C4A0F6E129627D0700801CBE /* CustomLog.swift */; };
		C4A0F6E429627D4E00801CBE /* Scene.swift in Sources */ = {isa = PBXBuildFile; fileRef = C4A0F6E329627D4E00801CBE /* Scene.swift */; };
		C4A0F6EA29627DA600801CBE /* MainSearchViewController.swift in Sources */ = {isa = PBXBuildFile; fileRef = C4A0F6E929627DA600801CBE /* MainSearchViewController.swift */; };
		C4A0F6EC29627DB400801CBE /* MainSearchReactor.swift in Sources */ = {isa = PBXBuildFile; fileRef = C4A0F6EB29627DB400801CBE /* MainSearchReactor.swift */; };
		C4A0F6EE29627DBC00801CBE /* MainSearchModel.swift in Sources */ = {isa = PBXBuildFile; fileRef = C4A0F6ED29627DBC00801CBE /* MainSearchModel.swift */; };
		C4A0F6F129627EC300801CBE /* UINavigationController+Extensions.swift in Sources */ = {isa = PBXBuildFile; fileRef = C4A0F6F029627EC300801CBE /* UINavigationController+Extensions.swift */; };
		C4A0F6F42962800400801CBE /* HttpApiManager.swift in Sources */ = {isa = PBXBuildFile; fileRef = C4A0F6F32962800400801CBE /* HttpApiManager.swift */; };
		C4A0F6F629629B6800801CBE /* ApiError.swift in Sources */ = {isa = PBXBuildFile; fileRef = C4A0F6F529629B6800801CBE /* ApiError.swift */; };
		C4A0F6F829629CD100801CBE /* NSError+Extensions.swift in Sources */ = {isa = PBXBuildFile; fileRef = C4A0F6F729629CD000801CBE /* NSError+Extensions.swift */; };
		C4A0F6FC2962B40500801CBE /* SearchFilterTableViewCell.swift in Sources */ = {isa = PBXBuildFile; fileRef = C4A0F6FB2962B40500801CBE /* SearchFilterTableViewCell.swift */; };
		C4A0F6FE2962BDDE00801CBE /* SearchFilterResultViewController.swift in Sources */ = {isa = PBXBuildFile; fileRef = C4A0F6FD2962BDDE00801CBE /* SearchFilterResultViewController.swift */; };
		C4A0F7012962E20A00801CBE /* UserDefaultsManager.swift in Sources */ = {isa = PBXBuildFile; fileRef = C4A0F7002962E20A00801CBE /* UserDefaultsManager.swift */; };
		C4BAAD1F2963B95E00D40016 /* SearchApi.swift in Sources */ = {isa = PBXBuildFile; fileRef = C4BAAD1E2963B95E00D40016 /* SearchApi.swift */; };
		C4BAAD212963B9EA00D40016 /* SearchApiServiceModel.swift in Sources */ = {isa = PBXBuildFile; fileRef = C4BAAD202963B9EA00D40016 /* SearchApiServiceModel.swift */; };
		C4BAAD272963C23E00D40016 /* SearchDetailViewController.swift in Sources */ = {isa = PBXBuildFile; fileRef = C4BAAD262963C23E00D40016 /* SearchDetailViewController.swift */; };
		C4BAAD292963C25300D40016 /* SearchDetailReactor.swift in Sources */ = {isa = PBXBuildFile; fileRef = C4BAAD282963C25300D40016 /* SearchDetailReactor.swift */; };
		C4BAAD2C2963C38600D40016 /* SearchDetailTableViewCell.swift in Sources */ = {isa = PBXBuildFile; fileRef = C4BAAD2B2963C38600D40016 /* SearchDetailTableViewCell.swift */; };
		C4BAAD2E2963C3CF00D40016 /* SearchDetailModel.swift in Sources */ = {isa = PBXBuildFile; fileRef = C4BAAD2D2963C3CF00D40016 /* SearchDetailModel.swift */; };
		C4BAAD30296415C200D40016 /* ImageCache.swift in Sources */ = {isa = PBXBuildFile; fileRef = C4BAAD2F296415C200D40016 /* ImageCache.swift */; };
		C4BAAD322964241200D40016 /* UIImageView+Extensions.swift in Sources */ = {isa = PBXBuildFile; fileRef = C4BAAD312964241200D40016 /* UIImageView+Extensions.swift */; };
/* End PBXBuildFile section */

/* Begin PBXContainerItemProxy section */
		C4A0F6B4296273EA00801CBE /* PBXContainerItemProxy */ = {
			isa = PBXContainerItemProxy;
			containerPortal = C4A0F695296273E800801CBE /* Project object */;
			proxyType = 1;
			remoteGlobalIDString = C4A0F69C296273E800801CBE;
			remoteInfo = GitRepositorySearch;
		};
/* End PBXContainerItemProxy section */

/* Begin PBXFileReference section */
		4254A7FB562F20FB8BB9F1B0 /* Pods-GitRepositorySearch.debug.xcconfig */ = {isa = PBXFileReference; includeInIndex = 1; lastKnownFileType = text.xcconfig; name = "Pods-GitRepositorySearch.debug.xcconfig"; path = "Target Support Files/Pods-GitRepositorySearch/Pods-GitRepositorySearch.debug.xcconfig"; sourceTree = "<group>"; };
		437C013F722EA7051A7304E8 /* Pods-GitRepositorySearchTests.release.xcconfig */ = {isa = PBXFileReference; includeInIndex = 1; lastKnownFileType = text.xcconfig; name = "Pods-GitRepositorySearchTests.release.xcconfig"; path = "Target Support Files/Pods-GitRepositorySearchTests/Pods-GitRepositorySearchTests.release.xcconfig"; sourceTree = "<group>"; };
		C151400DC6C6737668F4A9C7 /* libPods-GitRepositorySearch.a */ = {isa = PBXFileReference; explicitFileType = archive.ar; includeInIndex = 0; path = "libPods-GitRepositorySearch.a"; sourceTree = BUILT_PRODUCTS_DIR; };
		C4314A1A29654AAA00A7D85B /* SearchOptionsViewController.swift */ = {isa = PBXFileReference; lastKnownFileType = sourcecode.swift; path = SearchOptionsViewController.swift; sourceTree = "<group>"; };
		C4314A1C29654AF400A7D85B /* SearchOptionsReactor.swift */ = {isa = PBXFileReference; lastKnownFileType = sourcecode.swift; path = SearchOptionsReactor.swift; sourceTree = "<group>"; };
		C4314A1E29654C4400A7D85B /* SearchOptionsModel.swift */ = {isa = PBXFileReference; lastKnownFileType = sourcecode.swift; path = SearchOptionsModel.swift; sourceTree = "<group>"; };
		C4314A212965711400A7D85B /* UIColor+Extensions.swift */ = {isa = PBXFileReference; lastKnownFileType = sourcecode.swift; path = "UIColor+Extensions.swift"; sourceTree = "<group>"; };
		C4314A242965779700A7D85B /* languageColors.json */ = {isa = PBXFileReference; fileEncoding = 4; lastKnownFileType = text.json; path = languageColors.json; sourceTree = "<group>"; };
		C4314A262965856800A7D85B /* UIImage+Extensions.swift */ = {isa = PBXFileReference; lastKnownFileType = sourcecode.swift; path = "UIImage+Extensions.swift"; sourceTree = "<group>"; };
		C49DADC229652A6000C49B85 /* Int+Extensions.swift */ = {isa = PBXFileReference; lastKnownFileType = sourcecode.swift; path = "Int+Extensions.swift"; sourceTree = "<group>"; };
		C4A0F69D296273E800801CBE /* GitRepositorySearch.app */ = {isa = PBXFileReference; explicitFileType = wrapper.application; includeInIndex = 0; path = GitRepositorySearch.app; sourceTree = BUILT_PRODUCTS_DIR; };
		C4A0F6A0296273E800801CBE /* AppDelegate.swift */ = {isa = PBXFileReference; lastKnownFileType = sourcecode.swift; path = AppDelegate.swift; sourceTree = "<group>"; };
		C4A0F6A2296273E800801CBE /* SceneDelegate.swift */ = {isa = PBXFileReference; lastKnownFileType = sourcecode.swift; path = SceneDelegate.swift; sourceTree = "<group>"; };
		C4A0F6A9296273EA00801CBE /* Assets.xcassets */ = {isa = PBXFileReference; lastKnownFileType = folder.assetcatalog; path = Assets.xcassets; sourceTree = "<group>"; };
		C4A0F6AC296273EA00801CBE /* Base */ = {isa = PBXFileReference; lastKnownFileType = file.storyboard; name = Base; path = Base.lproj/LaunchScreen.storyboard; sourceTree = "<group>"; };
		C4A0F6AE296273EA00801CBE /* Info.plist */ = {isa = PBXFileReference; lastKnownFileType = text.plist.xml; path = Info.plist; sourceTree = "<group>"; };
		C4A0F6B3296273EA00801CBE /* GitRepositorySearchTests.xctest */ = {isa = PBXFileReference; explicitFileType = wrapper.cfbundle; includeInIndex = 0; path = GitRepositorySearchTests.xctest; sourceTree = BUILT_PRODUCTS_DIR; };
		C4A0F6B7296273EA00801CBE /* GitRepositorySearchTests.swift */ = {isa = PBXFileReference; lastKnownFileType = sourcecode.swift; path = GitRepositorySearchTests.swift; sourceTree = "<group>"; };
		C4A0F6DA29627BC700801CBE /* BaseViewController.swift */ = {isa = PBXFileReference; lastKnownFileType = sourcecode.swift; path = BaseViewController.swift; sourceTree = "<group>"; };
		C4A0F6DF29627C3900801CBE /* PresentManager.swift */ = {isa = PBXFileReference; lastKnownFileType = sourcecode.swift; path = PresentManager.swift; sourceTree = "<group>"; };
		C4A0F6E129627D0700801CBE /* CustomLog.swift */ = {isa = PBXFileReference; lastKnownFileType = sourcecode.swift; path = CustomLog.swift; sourceTree = "<group>"; };
		C4A0F6E329627D4E00801CBE /* Scene.swift */ = {isa = PBXFileReference; lastKnownFileType = sourcecode.swift; path = Scene.swift; sourceTree = "<group>"; };
		C4A0F6E929627DA600801CBE /* MainSearchViewController.swift */ = {isa = PBXFileReference; lastKnownFileType = sourcecode.swift; path = MainSearchViewController.swift; sourceTree = "<group>"; };
		C4A0F6EB29627DB400801CBE /* MainSearchReactor.swift */ = {isa = PBXFileReference; lastKnownFileType = sourcecode.swift; path = MainSearchReactor.swift; sourceTree = "<group>"; };
		C4A0F6ED29627DBC00801CBE /* MainSearchModel.swift */ = {isa = PBXFileReference; lastKnownFileType = sourcecode.swift; path = MainSearchModel.swift; sourceTree = "<group>"; };
		C4A0F6F029627EC300801CBE /* UINavigationController+Extensions.swift */ = {isa = PBXFileReference; lastKnownFileType = sourcecode.swift; path = "UINavigationController+Extensions.swift"; sourceTree = "<group>"; };
		C4A0F6F32962800400801CBE /* HttpApiManager.swift */ = {isa = PBXFileReference; lastKnownFileType = sourcecode.swift; path = HttpApiManager.swift; sourceTree = "<group>"; };
		C4A0F6F529629B6800801CBE /* ApiError.swift */ = {isa = PBXFileReference; lastKnownFileType = sourcecode.swift; path = ApiError.swift; sourceTree = "<group>"; };
		C4A0F6F729629CD000801CBE /* NSError+Extensions.swift */ = {isa = PBXFileReference; lastKnownFileType = sourcecode.swift; path = "NSError+Extensions.swift"; sourceTree = "<group>"; };
		C4A0F6FB2962B40500801CBE /* SearchFilterTableViewCell.swift */ = {isa = PBXFileReference; lastKnownFileType = sourcecode.swift; path = SearchFilterTableViewCell.swift; sourceTree = "<group>"; };
		C4A0F6FD2962BDDE00801CBE /* SearchFilterResultViewController.swift */ = {isa = PBXFileReference; lastKnownFileType = sourcecode.swift; path = SearchFilterResultViewController.swift; sourceTree = "<group>"; };
		C4A0F7002962E20A00801CBE /* UserDefaultsManager.swift */ = {isa = PBXFileReference; lastKnownFileType = sourcecode.swift; path = UserDefaultsManager.swift; sourceTree = "<group>"; };
		C4BAAD1E2963B95E00D40016 /* SearchApi.swift */ = {isa = PBXFileReference; lastKnownFileType = sourcecode.swift; path = SearchApi.swift; sourceTree = "<group>"; };
		C4BAAD202963B9EA00D40016 /* SearchApiServiceModel.swift */ = {isa = PBXFileReference; lastKnownFileType = sourcecode.swift; path = SearchApiServiceModel.swift; sourceTree = "<group>"; };
		C4BAAD262963C23E00D40016 /* SearchDetailViewController.swift */ = {isa = PBXFileReference; lastKnownFileType = sourcecode.swift; path = SearchDetailViewController.swift; sourceTree = "<group>"; };
		C4BAAD282963C25300D40016 /* SearchDetailReactor.swift */ = {isa = PBXFileReference; lastKnownFileType = sourcecode.swift; path = SearchDetailReactor.swift; sourceTree = "<group>"; };
		C4BAAD2B2963C38600D40016 /* SearchDetailTableViewCell.swift */ = {isa = PBXFileReference; lastKnownFileType = sourcecode.swift; path = SearchDetailTableViewCell.swift; sourceTree = "<group>"; };
		C4BAAD2D2963C3CF00D40016 /* SearchDetailModel.swift */ = {isa = PBXFileReference; lastKnownFileType = sourcecode.swift; path = SearchDetailModel.swift; sourceTree = "<group>"; };
		C4BAAD2F296415C200D40016 /* ImageCache.swift */ = {isa = PBXFileReference; lastKnownFileType = sourcecode.swift; path = ImageCache.swift; sourceTree = "<group>"; };
		C4BAAD312964241200D40016 /* UIImageView+Extensions.swift */ = {isa = PBXFileReference; lastKnownFileType = sourcecode.swift; path = "UIImageView+Extensions.swift"; sourceTree = "<group>"; };
		C5EDA8952408BD3246ED323D /* libPods-GitRepositorySearchTests.a */ = {isa = PBXFileReference; explicitFileType = archive.ar; includeInIndex = 0; path = "libPods-GitRepositorySearchTests.a"; sourceTree = BUILT_PRODUCTS_DIR; };
		D402EBE1826CECB5D31D3FBC /* Pods-GitRepositorySearch.release.xcconfig */ = {isa = PBXFileReference; includeInIndex = 1; lastKnownFileType = text.xcconfig; name = "Pods-GitRepositorySearch.release.xcconfig"; path = "Target Support Files/Pods-GitRepositorySearch/Pods-GitRepositorySearch.release.xcconfig"; sourceTree = "<group>"; };
		EF827D8409EFA596F56017AC /* Pods-GitRepositorySearchTests.debug.xcconfig */ = {isa = PBXFileReference; includeInIndex = 1; lastKnownFileType = text.xcconfig; name = "Pods-GitRepositorySearchTests.debug.xcconfig"; path = "Target Support Files/Pods-GitRepositorySearchTests/Pods-GitRepositorySearchTests.debug.xcconfig"; sourceTree = "<group>"; };
/* End PBXFileReference section */

/* Begin PBXFrameworksBuildPhase section */
		C4A0F69A296273E800801CBE /* Frameworks */ = {
			isa = PBXFrameworksBuildPhase;
			buildActionMask = 2147483647;
			files = (
				3460AFEB607A1C7BCB06FC25 /* libPods-GitRepositorySearch.a in Frameworks */,
			);
			runOnlyForDeploymentPostprocessing = 0;
		};
		C4A0F6B0296273EA00801CBE /* Frameworks */ = {
			isa = PBXFrameworksBuildPhase;
			buildActionMask = 2147483647;
			files = (
				56A1C2164A95FD84424BD1C0 /* libPods-GitRepositorySearchTests.a in Frameworks */,
			);
			runOnlyForDeploymentPostprocessing = 0;
		};
/* End PBXFrameworksBuildPhase section */

/* Begin PBXGroup section */
		05EC63306EFA2EE96D5F0E7D /* Frameworks */ = {
			isa = PBXGroup;
			children = (
				C151400DC6C6737668F4A9C7 /* libPods-GitRepositorySearch.a */,
				C5EDA8952408BD3246ED323D /* libPods-GitRepositorySearchTests.a */,
			);
			name = Frameworks;
			sourceTree = "<group>";
		};
		14BA6B55DD37FDE3AAF54B92 /* Pods */ = {
			isa = PBXGroup;
			children = (
				4254A7FB562F20FB8BB9F1B0 /* Pods-GitRepositorySearch.debug.xcconfig */,
				D402EBE1826CECB5D31D3FBC /* Pods-GitRepositorySearch.release.xcconfig */,
				EF827D8409EFA596F56017AC /* Pods-GitRepositorySearchTests.debug.xcconfig */,
				437C013F722EA7051A7304E8 /* Pods-GitRepositorySearchTests.release.xcconfig */,
			);
			path = Pods;
			sourceTree = "<group>";
		};
		C4314A1629654A3300A7D85B /* View */ = {
			isa = PBXGroup;
			children = (
				C4314A1A29654AAA00A7D85B /* SearchOptionsViewController.swift */,
			);
			path = View;
			sourceTree = "<group>";
		};
		C4314A1729654A4800A7D85B /* ViewModel */ = {
			isa = PBXGroup;
			children = (
				C4314A1C29654AF400A7D85B /* SearchOptionsReactor.swift */,
			);
			path = ViewModel;
			sourceTree = "<group>";
		};
		C4314A1829654A4C00A7D85B /* Model */ = {
			isa = PBXGroup;
			children = (
				C4314A1E29654C4400A7D85B /* SearchOptionsModel.swift */,
			);
			path = Model;
			sourceTree = "<group>";
		};
		C49DADC42965418A00C49B85 /* SupportPage */ = {
			isa = PBXGroup;
			children = (
				C49DADC5296541A000C49B85 /* SearchFilterResultView */,
			);
			path = SupportPage;
			sourceTree = "<group>";
		};
		C49DADC5296541A000C49B85 /* SearchFilterResultView */ = {
			isa = PBXGroup;
			children = (
				C4A0F6FD2962BDDE00801CBE /* SearchFilterResultViewController.swift */,
				C4A0F6FA2962B3E400801CBE /* TableViewCell */,
			);
			path = SearchFilterResultView;
			sourceTree = "<group>";
		};
		C49DADC6296548F800C49B85 /* SearchList */ = {
			isa = PBXGroup;
			children = (
				C4BAAD252963C1FB00D40016 /* Model */,
				C4BAAD242963C1F700D40016 /* ViewModel */,
				C4BAAD232963C1F200D40016 /* View */,
			);
			path = SearchList;
			sourceTree = "<group>";
		};
		C49DADC7296548FE00C49B85 /* SearchOptions */ = {
			isa = PBXGroup;
			children = (
				C4314A1829654A4C00A7D85B /* Model */,
				C4314A1729654A4800A7D85B /* ViewModel */,
				C4314A1629654A3300A7D85B /* View */,
			);
			path = SearchOptions;
			sourceTree = "<group>";
		};
		C4A0F694296273E800801CBE = {
			isa = PBXGroup;
			children = (
				C4A0F69F296273E800801CBE /* GitRepositorySearch */,
				C4A0F6B6296273EA00801CBE /* GitRepositorySearchTests */,
				C4A0F69E296273E800801CBE /* Products */,
				14BA6B55DD37FDE3AAF54B92 /* Pods */,
				05EC63306EFA2EE96D5F0E7D /* Frameworks */,
			);
			sourceTree = "<group>";
		};
		C4A0F69E296273E800801CBE /* Products */ = {
			isa = PBXGroup;
			children = (
				C4A0F69D296273E800801CBE /* GitRepositorySearch.app */,
				C4A0F6B3296273EA00801CBE /* GitRepositorySearchTests.xctest */,
			);
			name = Products;
			sourceTree = "<group>";
		};
		C4A0F69F296273E800801CBE /* GitRepositorySearch */ = {
			isa = PBXGroup;
			children = (
				C4314A242965779700A7D85B /* languageColors.json */,
				C4A0F6D029627A1700801CBE /* Service */,
				C4A0F6D229627A2300801CBE /* Base */,
				C4A0F6D129627A1E00801CBE /* Pages */,
				C4A0F6DC29627BEE00801CBE /* Support */,
				C4A0F6A0296273E800801CBE /* AppDelegate.swift */,
				C4A0F6A2296273E800801CBE /* SceneDelegate.swift */,
				C4A0F6A9296273EA00801CBE /* Assets.xcassets */,
				C4A0F6AB296273EA00801CBE /* LaunchScreen.storyboard */,
				C4A0F6AE296273EA00801CBE /* Info.plist */,
			);
			path = GitRepositorySearch;
			sourceTree = "<group>";
		};
		C4A0F6B6296273EA00801CBE /* GitRepositorySearchTests */ = {
			isa = PBXGroup;
			children = (
				C4A0F6B7296273EA00801CBE /* GitRepositorySearchTests.swift */,
			);
			path = GitRepositorySearchTests;
			sourceTree = "<group>";
		};
		C4A0F6D029627A1700801CBE /* Service */ = {
			isa = PBXGroup;
			children = (
				C4A0F6F32962800400801CBE /* HttpApiManager.swift */,
				C4A0F6F529629B6800801CBE /* ApiError.swift */,
				C4A0F6F92962A9A400801CBE /* Api */,
			);
			path = Service;
			sourceTree = "<group>";
		};
		C4A0F6D129627A1E00801CBE /* Pages */ = {
			isa = PBXGroup;
			children = (
				C49DADC42965418A00C49B85 /* SupportPage */,
				C4A0F6E529627D8200801CBE /* MainSearch */,
				C4BAAD222963C1DD00D40016 /* SearchDetail */,
			);
			path = Pages;
			sourceTree = "<group>";
		};
		C4A0F6D229627A2300801CBE /* Base */ = {
			isa = PBXGroup;
			children = (
				C4A0F6DA29627BC700801CBE /* BaseViewController.swift */,
				C4A0F6E329627D4E00801CBE /* Scene.swift */,
			);
			path = Base;
			sourceTree = "<group>";
		};
		C4A0F6DC29627BEE00801CBE /* Support */ = {
			isa = PBXGroup;
			children = (
				C4A0F6FF2962E1F100801CBE /* UserDefaults */,
				C4A0F6EF29627EB500801CBE /* Extensions */,
				C4A0F6DF29627C3900801CBE /* PresentManager.swift */,
				C4A0F6E129627D0700801CBE /* CustomLog.swift */,
				C4BAAD2F296415C200D40016 /* ImageCache.swift */,
			);
			path = Support;
			sourceTree = "<group>";
		};
		C4A0F6E529627D8200801CBE /* MainSearch */ = {
			isa = PBXGroup;
			children = (
				C4A0F6E829627D9900801CBE /* Model */,
				C4A0F6E729627D8E00801CBE /* ViewModel */,
				C4A0F6E629627D8900801CBE /* View */,
			);
			path = MainSearch;
			sourceTree = "<group>";
		};
		C4A0F6E629627D8900801CBE /* View */ = {
			isa = PBXGroup;
			children = (
				C4A0F6E929627DA600801CBE /* MainSearchViewController.swift */,
			);
			path = View;
			sourceTree = "<group>";
		};
		C4A0F6E729627D8E00801CBE /* ViewModel */ = {
			isa = PBXGroup;
			children = (
				C4A0F6EB29627DB400801CBE /* MainSearchReactor.swift */,
			);
			path = ViewModel;
			sourceTree = "<group>";
		};
		C4A0F6E829627D9900801CBE /* Model */ = {
			isa = PBXGroup;
			children = (
				C4A0F6ED29627DBC00801CBE /* MainSearchModel.swift */,
			);
			path = Model;
			sourceTree = "<group>";
		};
		C4A0F6EF29627EB500801CBE /* Extensions */ = {
			isa = PBXGroup;
			children = (
				C4A0F6F029627EC300801CBE /* UINavigationController+Extensions.swift */,
				C4A0F6F729629CD000801CBE /* NSError+Extensions.swift */,
				C4BAAD312964241200D40016 /* UIImageView+Extensions.swift */,
				C49DADC229652A6000C49B85 /* Int+Extensions.swift */,
				C4314A212965711400A7D85B /* UIColor+Extensions.swift */,
				C4314A262965856800A7D85B /* UIImage+Extensions.swift */,
			);
			path = Extensions;
			sourceTree = "<group>";
		};
		C4A0F6F92962A9A400801CBE /* Api */ = {
			isa = PBXGroup;
			children = (
				C4BAAD1E2963B95E00D40016 /* SearchApi.swift */,
				C4BAAD202963B9EA00D40016 /* SearchApiServiceModel.swift */,
			);
			path = Api;
			sourceTree = "<group>";
		};
		C4A0F6FA2962B3E400801CBE /* TableViewCell */ = {
			isa = PBXGroup;
			children = (
				C4A0F6FB2962B40500801CBE /* SearchFilterTableViewCell.swift */,
			);
			path = TableViewCell;
			sourceTree = "<group>";
		};
		C4A0F6FF2962E1F100801CBE /* UserDefaults */ = {
			isa = PBXGroup;
			children = (
				C4A0F7002962E20A00801CBE /* UserDefaultsManager.swift */,
			);
			path = UserDefaults;
			sourceTree = "<group>";
		};
		C4BAAD222963C1DD00D40016 /* SearchDetail */ = {
			isa = PBXGroup;
			children = (
				C49DADC6296548F800C49B85 /* SearchList */,
				C49DADC7296548FE00C49B85 /* SearchOptions */,
			);
			path = SearchDetail;
			sourceTree = "<group>";
		};
		C4BAAD232963C1F200D40016 /* View */ = {
			isa = PBXGroup;
			children = (
				C4BAAD262963C23E00D40016 /* SearchDetailViewController.swift */,
				C4BAAD2A2963C36E00D40016 /* TableViewCell */,
			);
			path = View;
			sourceTree = "<group>";
		};
		C4BAAD242963C1F700D40016 /* ViewModel */ = {
			isa = PBXGroup;
			children = (
				C4BAAD282963C25300D40016 /* SearchDetailReactor.swift */,
			);
			path = ViewModel;
			sourceTree = "<group>";
		};
		C4BAAD252963C1FB00D40016 /* Model */ = {
			isa = PBXGroup;
			children = (
				C4BAAD2D2963C3CF00D40016 /* SearchDetailModel.swift */,
			);
			path = Model;
			sourceTree = "<group>";
		};
		C4BAAD2A2963C36E00D40016 /* TableViewCell */ = {
			isa = PBXGroup;
			children = (
				C4BAAD2B2963C38600D40016 /* SearchDetailTableViewCell.swift */,
			);
			path = TableViewCell;
			sourceTree = "<group>";
		};
/* End PBXGroup section */

/* Begin PBXNativeTarget section */
		C4A0F69C296273E800801CBE /* GitRepositorySearch */ = {
			isa = PBXNativeTarget;
			buildConfigurationList = C4A0F6C7296273EA00801CBE /* Build configuration list for PBXNativeTarget "GitRepositorySearch" */;
			buildPhases = (
				D32C14ED25DDC15CA002320F /* [CP] Check Pods Manifest.lock */,
				C4A0F699296273E800801CBE /* Sources */,
				C4A0F69A296273E800801CBE /* Frameworks */,
				C4A0F69B296273E800801CBE /* Resources */,
			);
			buildRules = (
			);
			dependencies = (
			);
			name = GitRepositorySearch;
			productName = GitRepositorySearch;
			productReference = C4A0F69D296273E800801CBE /* GitRepositorySearch.app */;
			productType = "com.apple.product-type.application";
		};
		C4A0F6B2296273EA00801CBE /* GitRepositorySearchTests */ = {
			isa = PBXNativeTarget;
			buildConfigurationList = C4A0F6CA296273EA00801CBE /* Build configuration list for PBXNativeTarget "GitRepositorySearchTests" */;
			buildPhases = (
				BB8440BB5D4F308B0276E425 /* [CP] Check Pods Manifest.lock */,
				C4A0F6AF296273EA00801CBE /* Sources */,
				C4A0F6B0296273EA00801CBE /* Frameworks */,
				C4A0F6B1296273EA00801CBE /* Resources */,
			);
			buildRules = (
			);
			dependencies = (
				C4A0F6B5296273EA00801CBE /* PBXTargetDependency */,
			);
			name = GitRepositorySearchTests;
			productName = GitRepositorySearchTests;
			productReference = C4A0F6B3296273EA00801CBE /* GitRepositorySearchTests.xctest */;
			productType = "com.apple.product-type.bundle.unit-test";
		};
/* End PBXNativeTarget section */

/* Begin PBXProject section */
		C4A0F695296273E800801CBE /* Project object */ = {
			isa = PBXProject;
			attributes = {
				BuildIndependentTargetsInParallel = 1;
				LastSwiftUpdateCheck = 1400;
				LastUpgradeCheck = 1400;
				TargetAttributes = {
					C4A0F69C296273E800801CBE = {
						CreatedOnToolsVersion = 14.0;
					};
					C4A0F6B2296273EA00801CBE = {
						CreatedOnToolsVersion = 14.0;
						TestTargetID = C4A0F69C296273E800801CBE;
					};
				};
			};
			buildConfigurationList = C4A0F698296273E800801CBE /* Build configuration list for PBXProject "GitRepositorySearch" */;
			compatibilityVersion = "Xcode 14.0";
			developmentRegion = en;
			hasScannedForEncodings = 0;
			knownRegions = (
				en,
				Base,
			);
			mainGroup = C4A0F694296273E800801CBE;
			productRefGroup = C4A0F69E296273E800801CBE /* Products */;
			projectDirPath = "";
			projectRoot = "";
			targets = (
				C4A0F69C296273E800801CBE /* GitRepositorySearch */,
				C4A0F6B2296273EA00801CBE /* GitRepositorySearchTests */,
			);
		};
/* End PBXProject section */

/* Begin PBXResourcesBuildPhase section */
		C4A0F69B296273E800801CBE /* Resources */ = {
			isa = PBXResourcesBuildPhase;
			buildActionMask = 2147483647;
			files = (
				C4314A252965779700A7D85B /* languageColors.json in Resources */,
				C4A0F6AD296273EA00801CBE /* LaunchScreen.storyboard in Resources */,
				C4A0F6AA296273EA00801CBE /* Assets.xcassets in Resources */,
			);
			runOnlyForDeploymentPostprocessing = 0;
		};
		C4A0F6B1296273EA00801CBE /* Resources */ = {
			isa = PBXResourcesBuildPhase;
			buildActionMask = 2147483647;
			files = (
			);
			runOnlyForDeploymentPostprocessing = 0;
		};
/* End PBXResourcesBuildPhase section */

/* Begin PBXShellScriptBuildPhase section */
		BB8440BB5D4F308B0276E425 /* [CP] Check Pods Manifest.lock */ = {
			isa = PBXShellScriptBuildPhase;
			buildActionMask = 2147483647;
			files = (
			);
			inputFileListPaths = (
			);
			inputPaths = (
				"${PODS_PODFILE_DIR_PATH}/Podfile.lock",
				"${PODS_ROOT}/Manifest.lock",
			);
			name = "[CP] Check Pods Manifest.lock";
			outputFileListPaths = (
			);
			outputPaths = (
				"$(DERIVED_FILE_DIR)/Pods-GitRepositorySearchTests-checkManifestLockResult.txt",
			);
			runOnlyForDeploymentPostprocessing = 0;
			shellPath = /bin/sh;
			shellScript = "diff \"${PODS_PODFILE_DIR_PATH}/Podfile.lock\" \"${PODS_ROOT}/Manifest.lock\" > /dev/null\nif [ $? != 0 ] ; then\n    # print error to STDERR\n    echo \"error: The sandbox is not in sync with the Podfile.lock. Run 'pod install' or update your CocoaPods installation.\" >&2\n    exit 1\nfi\n# This output is used by Xcode 'outputs' to avoid re-running this script phase.\necho \"SUCCESS\" > \"${SCRIPT_OUTPUT_FILE_0}\"\n";
			showEnvVarsInLog = 0;
		};
		D32C14ED25DDC15CA002320F /* [CP] Check Pods Manifest.lock */ = {
			isa = PBXShellScriptBuildPhase;
			buildActionMask = 2147483647;
			files = (
			);
			inputFileListPaths = (
			);
			inputPaths = (
				"${PODS_PODFILE_DIR_PATH}/Podfile.lock",
				"${PODS_ROOT}/Manifest.lock",
			);
			name = "[CP] Check Pods Manifest.lock";
			outputFileListPaths = (
			);
			outputPaths = (
				"$(DERIVED_FILE_DIR)/Pods-GitRepositorySearch-checkManifestLockResult.txt",
			);
			runOnlyForDeploymentPostprocessing = 0;
			shellPath = /bin/sh;
			shellScript = "diff \"${PODS_PODFILE_DIR_PATH}/Podfile.lock\" \"${PODS_ROOT}/Manifest.lock\" > /dev/null\nif [ $? != 0 ] ; then\n    # print error to STDERR\n    echo \"error: The sandbox is not in sync with the Podfile.lock. Run 'pod install' or update your CocoaPods installation.\" >&2\n    exit 1\nfi\n# This output is used by Xcode 'outputs' to avoid re-running this script phase.\necho \"SUCCESS\" > \"${SCRIPT_OUTPUT_FILE_0}\"\n";
			showEnvVarsInLog = 0;
		};
/* End PBXShellScriptBuildPhase section */

/* Begin PBXSourcesBuildPhase section */
		C4A0F699296273E800801CBE /* Sources */ = {
			isa = PBXSourcesBuildPhase;
			buildActionMask = 2147483647;
			files = (
				C4A0F6FC2962B40500801CBE /* SearchFilterTableViewCell.swift in Sources */,
				C4A0F6E229627D0700801CBE /* CustomLog.swift in Sources */,
				C4A0F6F42962800400801CBE /* HttpApiManager.swift in Sources */,
				C4A0F6DB29627BC700801CBE /* BaseViewController.swift in Sources */,
				C4A0F6E429627D4E00801CBE /* Scene.swift in Sources */,
				C49DADC329652A6000C49B85 /* Int+Extensions.swift in Sources */,
				C4314A222965711400A7D85B /* UIColor+Extensions.swift in Sources */,
				C4BAAD272963C23E00D40016 /* SearchDetailViewController.swift in Sources */,
				C4BAAD322964241200D40016 /* UIImageView+Extensions.swift in Sources */,
				C4A0F6F129627EC300801CBE /* UINavigationController+Extensions.swift in Sources */,
				C4BAAD2C2963C38600D40016 /* SearchDetailTableViewCell.swift in Sources */,
				C4A0F7012962E20A00801CBE /* UserDefaultsManager.swift in Sources */,
				C4A0F6F829629CD100801CBE /* NSError+Extensions.swift in Sources */,
				C4BAAD292963C25300D40016 /* SearchDetailReactor.swift in Sources */,
				C4A0F6FE2962BDDE00801CBE /* SearchFilterResultViewController.swift in Sources */,
				C4A0F6F629629B6800801CBE /* ApiError.swift in Sources */,
				C4A0F6EE29627DBC00801CBE /* MainSearchModel.swift in Sources */,
				C4BAAD2E2963C3CF00D40016 /* SearchDetailModel.swift in Sources */,
				C4BAAD30296415C200D40016 /* ImageCache.swift in Sources */,
				C4A0F6EA29627DA600801CBE /* MainSearchViewController.swift in Sources */,
				C4314A1B29654AAA00A7D85B /* SearchOptionsViewController.swift in Sources */,
				C4A0F6A1296273E800801CBE /* AppDelegate.swift in Sources */,
				C4A0F6EC29627DB400801CBE /* MainSearchReactor.swift in Sources */,
				C4314A1F29654C4400A7D85B /* SearchOptionsModel.swift in Sources */,
				C4A0F6A3296273E800801CBE /* SceneDelegate.swift in Sources */,
				C4314A1D29654AF400A7D85B /* SearchOptionsReactor.swift in Sources */,
				C4A0F6E029627C3900801CBE /* PresentManager.swift in Sources */,
				C4314A272965856800A7D85B /* UIImage+Extensions.swift in Sources */,
				C4BAAD212963B9EA00D40016 /* SearchApiServiceModel.swift in Sources */,
				C4BAAD1F2963B95E00D40016 /* SearchApi.swift in Sources */,
			);
			runOnlyForDeploymentPostprocessing = 0;
		};
		C4A0F6AF296273EA00801CBE /* Sources */ = {
			isa = PBXSourcesBuildPhase;
			buildActionMask = 2147483647;
			files = (
				C4A0F6B8296273EA00801CBE /* GitRepositorySearchTests.swift in Sources */,
			);
			runOnlyForDeploymentPostprocessing = 0;
		};
/* End PBXSourcesBuildPhase section */

/* Begin PBXTargetDependency section */
		C4A0F6B5296273EA00801CBE /* PBXTargetDependency */ = {
			isa = PBXTargetDependency;
			target = C4A0F69C296273E800801CBE /* GitRepositorySearch */;
			targetProxy = C4A0F6B4296273EA00801CBE /* PBXContainerItemProxy */;
		};
/* End PBXTargetDependency section */

/* Begin PBXVariantGroup section */
		C4A0F6AB296273EA00801CBE /* LaunchScreen.storyboard */ = {
			isa = PBXVariantGroup;
			children = (
				C4A0F6AC296273EA00801CBE /* Base */,
			);
			name = LaunchScreen.storyboard;
			sourceTree = "<group>";
		};
/* End PBXVariantGroup section */

/* Begin XCBuildConfiguration section */
		C4A0F6C5296273EA00801CBE /* Debug */ = {
			isa = XCBuildConfiguration;
			buildSettings = {
				ALWAYS_SEARCH_USER_PATHS = NO;
				CLANG_ANALYZER_NONNULL = YES;
				CLANG_ANALYZER_NUMBER_OBJECT_CONVERSION = YES_AGGRESSIVE;
				CLANG_CXX_LANGUAGE_STANDARD = "gnu++20";
				CLANG_ENABLE_MODULES = YES;
				CLANG_ENABLE_OBJC_ARC = YES;
				CLANG_ENABLE_OBJC_WEAK = YES;
				CLANG_WARN_BLOCK_CAPTURE_AUTORELEASING = YES;
				CLANG_WARN_BOOL_CONVERSION = YES;
				CLANG_WARN_COMMA = YES;
				CLANG_WARN_CONSTANT_CONVERSION = YES;
				CLANG_WARN_DEPRECATED_OBJC_IMPLEMENTATIONS = YES;
				CLANG_WARN_DIRECT_OBJC_ISA_USAGE = YES_ERROR;
				CLANG_WARN_DOCUMENTATION_COMMENTS = YES;
				CLANG_WARN_EMPTY_BODY = YES;
				CLANG_WARN_ENUM_CONVERSION = YES;
				CLANG_WARN_INFINITE_RECURSION = YES;
				CLANG_WARN_INT_CONVERSION = YES;
				CLANG_WARN_NON_LITERAL_NULL_CONVERSION = YES;
				CLANG_WARN_OBJC_IMPLICIT_RETAIN_SELF = YES;
				CLANG_WARN_OBJC_LITERAL_CONVERSION = YES;
				CLANG_WARN_OBJC_ROOT_CLASS = YES_ERROR;
				CLANG_WARN_QUOTED_INCLUDE_IN_FRAMEWORK_HEADER = YES;
				CLANG_WARN_RANGE_LOOP_ANALYSIS = YES;
				CLANG_WARN_STRICT_PROTOTYPES = YES;
				CLANG_WARN_SUSPICIOUS_MOVE = YES;
				CLANG_WARN_UNGUARDED_AVAILABILITY = YES_AGGRESSIVE;
				CLANG_WARN_UNREACHABLE_CODE = YES;
				CLANG_WARN__DUPLICATE_METHOD_MATCH = YES;
				COPY_PHASE_STRIP = NO;
				DEBUG_INFORMATION_FORMAT = dwarf;
				ENABLE_STRICT_OBJC_MSGSEND = YES;
				ENABLE_TESTABILITY = YES;
				GCC_C_LANGUAGE_STANDARD = gnu11;
				GCC_DYNAMIC_NO_PIC = NO;
				GCC_NO_COMMON_BLOCKS = YES;
				GCC_OPTIMIZATION_LEVEL = 0;
				GCC_PREPROCESSOR_DEFINITIONS = (
					"DEBUG=1",
					"$(inherited)",
				);
				GCC_WARN_64_TO_32_BIT_CONVERSION = YES;
				GCC_WARN_ABOUT_RETURN_TYPE = YES_ERROR;
				GCC_WARN_UNDECLARED_SELECTOR = YES;
				GCC_WARN_UNINITIALIZED_AUTOS = YES_AGGRESSIVE;
				GCC_WARN_UNUSED_FUNCTION = YES;
				GCC_WARN_UNUSED_VARIABLE = YES;
				IPHONEOS_DEPLOYMENT_TARGET = 14.0;
				MTL_ENABLE_DEBUG_INFO = INCLUDE_SOURCE;
				MTL_FAST_MATH = YES;
				ONLY_ACTIVE_ARCH = YES;
				SDKROOT = iphoneos;
				SWIFT_ACTIVE_COMPILATION_CONDITIONS = DEBUG;
				SWIFT_OPTIMIZATION_LEVEL = "-Onone";
			};
			name = Debug;
		};
		C4A0F6C6296273EA00801CBE /* Release */ = {
			isa = XCBuildConfiguration;
			buildSettings = {
				ALWAYS_SEARCH_USER_PATHS = NO;
				CLANG_ANALYZER_NONNULL = YES;
				CLANG_ANALYZER_NUMBER_OBJECT_CONVERSION = YES_AGGRESSIVE;
				CLANG_CXX_LANGUAGE_STANDARD = "gnu++20";
				CLANG_ENABLE_MODULES = YES;
				CLANG_ENABLE_OBJC_ARC = YES;
				CLANG_ENABLE_OBJC_WEAK = YES;
				CLANG_WARN_BLOCK_CAPTURE_AUTORELEASING = YES;
				CLANG_WARN_BOOL_CONVERSION = YES;
				CLANG_WARN_COMMA = YES;
				CLANG_WARN_CONSTANT_CONVERSION = YES;
				CLANG_WARN_DEPRECATED_OBJC_IMPLEMENTATIONS = YES;
				CLANG_WARN_DIRECT_OBJC_ISA_USAGE = YES_ERROR;
				CLANG_WARN_DOCUMENTATION_COMMENTS = YES;
				CLANG_WARN_EMPTY_BODY = YES;
				CLANG_WARN_ENUM_CONVERSION = YES;
				CLANG_WARN_INFINITE_RECURSION = YES;
				CLANG_WARN_INT_CONVERSION = YES;
				CLANG_WARN_NON_LITERAL_NULL_CONVERSION = YES;
				CLANG_WARN_OBJC_IMPLICIT_RETAIN_SELF = YES;
				CLANG_WARN_OBJC_LITERAL_CONVERSION = YES;
				CLANG_WARN_OBJC_ROOT_CLASS = YES_ERROR;
				CLANG_WARN_QUOTED_INCLUDE_IN_FRAMEWORK_HEADER = YES;
				CLANG_WARN_RANGE_LOOP_ANALYSIS = YES;
				CLANG_WARN_STRICT_PROTOTYPES = YES;
				CLANG_WARN_SUSPICIOUS_MOVE = YES;
				CLANG_WARN_UNGUARDED_AVAILABILITY = YES_AGGRESSIVE;
				CLANG_WARN_UNREACHABLE_CODE = YES;
				CLANG_WARN__DUPLICATE_METHOD_MATCH = YES;
				COPY_PHASE_STRIP = NO;
				DEBUG_INFORMATION_FORMAT = "dwarf-with-dsym";
				ENABLE_NS_ASSERTIONS = NO;
				ENABLE_STRICT_OBJC_MSGSEND = YES;
				GCC_C_LANGUAGE_STANDARD = gnu11;
				GCC_NO_COMMON_BLOCKS = YES;
				GCC_WARN_64_TO_32_BIT_CONVERSION = YES;
				GCC_WARN_ABOUT_RETURN_TYPE = YES_ERROR;
				GCC_WARN_UNDECLARED_SELECTOR = YES;
				GCC_WARN_UNINITIALIZED_AUTOS = YES_AGGRESSIVE;
				GCC_WARN_UNUSED_FUNCTION = YES;
				GCC_WARN_UNUSED_VARIABLE = YES;
				IPHONEOS_DEPLOYMENT_TARGET = 14.0;
				MTL_ENABLE_DEBUG_INFO = NO;
				MTL_FAST_MATH = YES;
				SDKROOT = iphoneos;
				SWIFT_COMPILATION_MODE = wholemodule;
				SWIFT_OPTIMIZATION_LEVEL = "-O";
				VALIDATE_PRODUCT = YES;
			};
			name = Release;
		};
		C4A0F6C8296273EA00801CBE /* Debug */ = {
			isa = XCBuildConfiguration;
			baseConfigurationReference = 4254A7FB562F20FB8BB9F1B0 /* Pods-GitRepositorySearch.debug.xcconfig */;
			buildSettings = {
				ASSETCATALOG_COMPILER_APPICON_NAME = AppIcon;
				ASSETCATALOG_COMPILER_GLOBAL_ACCENT_COLOR_NAME = AccentColor;
				CODE_SIGN_STYLE = Automatic;
				CURRENT_PROJECT_VERSION = 1;
				DEVELOPMENT_TEAM = 653TUFJ9Y7;
				GENERATE_INFOPLIST_FILE = YES;
				INFOPLIST_FILE = GitRepositorySearch/Info.plist;
				INFOPLIST_KEY_UIApplicationSupportsIndirectInputEvents = YES;
				INFOPLIST_KEY_UILaunchStoryboardName = LaunchScreen.storyboard;
				INFOPLIST_KEY_UISupportedInterfaceOrientations_iPad = "UIInterfaceOrientationPortrait UIInterfaceOrientationPortraitUpsideDown UIInterfaceOrientationLandscapeLeft UIInterfaceOrientationLandscapeRight";
				INFOPLIST_KEY_UISupportedInterfaceOrientations_iPhone = "UIInterfaceOrientationPortrait UIInterfaceOrientationLandscapeLeft UIInterfaceOrientationLandscapeRight";
				LD_RUNPATH_SEARCH_PATHS = (
					"$(inherited)",
					"@executable_path/Frameworks",
				);
				MARKETING_VERSION = 1.0;
				PRODUCT_BUNDLE_IDENTIFIER = com.ayeon.GitRepositorySearch;
				PRODUCT_NAME = "$(TARGET_NAME)";
				SUPPORTED_PLATFORMS = "iphoneos iphonesimulator";
				SUPPORTS_MACCATALYST = NO;
				SUPPORTS_MAC_DESIGNED_FOR_IPHONE_IPAD = NO;
				SWIFT_EMIT_LOC_STRINGS = YES;
				SWIFT_VERSION = 5.0;
				TARGETED_DEVICE_FAMILY = "1,2";
			};
			name = Debug;
		};
		C4A0F6C9296273EA00801CBE /* Release */ = {
			isa = XCBuildConfiguration;
			baseConfigurationReference = D402EBE1826CECB5D31D3FBC /* Pods-GitRepositorySearch.release.xcconfig */;
			buildSettings = {
				ASSETCATALOG_COMPILER_APPICON_NAME = AppIcon;
				ASSETCATALOG_COMPILER_GLOBAL_ACCENT_COLOR_NAME = AccentColor;
				CODE_SIGN_STYLE = Automatic;
				CURRENT_PROJECT_VERSION = 1;
				DEVELOPMENT_TEAM = 653TUFJ9Y7;
				GENERATE_INFOPLIST_FILE = YES;
				INFOPLIST_FILE = GitRepositorySearch/Info.plist;
				INFOPLIST_KEY_UIApplicationSupportsIndirectInputEvents = YES;
				INFOPLIST_KEY_UILaunchStoryboardName = LaunchScreen.storyboard;
				INFOPLIST_KEY_UISupportedInterfaceOrientations_iPad = "UIInterfaceOrientationPortrait UIInterfaceOrientationPortraitUpsideDown UIInterfaceOrientationLandscapeLeft UIInterfaceOrientationLandscapeRight";
				INFOPLIST_KEY_UISupportedInterfaceOrientations_iPhone = "UIInterfaceOrientationPortrait UIInterfaceOrientationLandscapeLeft UIInterfaceOrientationLandscapeRight";
				LD_RUNPATH_SEARCH_PATHS = (
					"$(inherited)",
					"@executable_path/Frameworks",
				);
				MARKETING_VERSION = 1.0;
				PRODUCT_BUNDLE_IDENTIFIER = com.ayeon.GitRepositorySearch;
				PRODUCT_NAME = "$(TARGET_NAME)";
				SUPPORTED_PLATFORMS = "iphoneos iphonesimulator";
				SUPPORTS_MACCATALYST = NO;
				SUPPORTS_MAC_DESIGNED_FOR_IPHONE_IPAD = NO;
				SWIFT_EMIT_LOC_STRINGS = YES;
				SWIFT_VERSION = 5.0;
				TARGETED_DEVICE_FAMILY = "1,2";
			};
			name = Release;
		};
		C4A0F6CB296273EA00801CBE /* Debug */ = {
			isa = XCBuildConfiguration;
			baseConfigurationReference = EF827D8409EFA596F56017AC /* Pods-GitRepositorySearchTests.debug.xcconfig */;
			buildSettings = {
				ALWAYS_EMBED_SWIFT_STANDARD_LIBRARIES = "$(inherited)";
				BUNDLE_LOADER = "$(TEST_HOST)";
				CODE_SIGN_STYLE = Automatic;
				CURRENT_PROJECT_VERSION = 1;
				DEVELOPMENT_TEAM = 653TUFJ9Y7;
				GENERATE_INFOPLIST_FILE = YES;
				IPHONEOS_DEPLOYMENT_TARGET = 14.0;
				MARKETING_VERSION = 1.0;
				PRODUCT_BUNDLE_IDENTIFIER = com.ayeon.GitRepositorySearchTests;
				PRODUCT_NAME = "$(TARGET_NAME)";
				SUPPORTED_PLATFORMS = "iphoneos iphonesimulator";
				SUPPORTS_MACCATALYST = NO;
				SUPPORTS_MAC_DESIGNED_FOR_IPHONE_IPAD = NO;
				SWIFT_EMIT_LOC_STRINGS = NO;
				SWIFT_VERSION = 5.0;
				TARGETED_DEVICE_FAMILY = "1,2";
				TEST_HOST = "$(BUILT_PRODUCTS_DIR)/GitRepositorySearch.app/$(BUNDLE_EXECUTABLE_FOLDER_PATH)/GitRepositorySearch";
			};
			name = Debug;
		};
		C4A0F6CC296273EA00801CBE /* Release */ = {
			isa = XCBuildConfiguration;
			baseConfigurationReference = 437C013F722EA7051A7304E8 /* Pods-GitRepositorySearchTests.release.xcconfig */;
			buildSettings = {
				ALWAYS_EMBED_SWIFT_STANDARD_LIBRARIES = "$(inherited)";
				BUNDLE_LOADER = "$(TEST_HOST)";
				CODE_SIGN_STYLE = Automatic;
				CURRENT_PROJECT_VERSION = 1;
				DEVELOPMENT_TEAM = 653TUFJ9Y7;
				GENERATE_INFOPLIST_FILE = YES;
				IPHONEOS_DEPLOYMENT_TARGET = 14.0;
				MARKETING_VERSION = 1.0;
				PRODUCT_BUNDLE_IDENTIFIER = com.ayeon.GitRepositorySearchTests;
				PRODUCT_NAME = "$(TARGET_NAME)";
				SUPPORTED_PLATFORMS = "iphoneos iphonesimulator";
				SUPPORTS_MACCATALYST = NO;
				SUPPORTS_MAC_DESIGNED_FOR_IPHONE_IPAD = NO;
				SWIFT_EMIT_LOC_STRINGS = NO;
				SWIFT_VERSION = 5.0;
				TARGETED_DEVICE_FAMILY = "1,2";
				TEST_HOST = "$(BUILT_PRODUCTS_DIR)/GitRepositorySearch.app/$(BUNDLE_EXECUTABLE_FOLDER_PATH)/GitRepositorySearch";
			};
			name = Release;
		};
/* End XCBuildConfiguration section */

/* Begin XCConfigurationList section */
		C4A0F698296273E800801CBE /* Build configuration list for PBXProject "GitRepositorySearch" */ = {
			isa = XCConfigurationList;
			buildConfigurations = (
				C4A0F6C5296273EA00801CBE /* Debug */,
				C4A0F6C6296273EA00801CBE /* Release */,
			);
			defaultConfigurationIsVisible = 0;
			defaultConfigurationName = Release;
		};
		C4A0F6C7296273EA00801CBE /* Build configuration list for PBXNativeTarget "GitRepositorySearch" */ = {
			isa = XCConfigurationList;
			buildConfigurations = (
				C4A0F6C8296273EA00801CBE /* Debug */,
				C4A0F6C9296273EA00801CBE /* Release */,
			);
			defaultConfigurationIsVisible = 0;
			defaultConfigurationName = Release;
		};
		C4A0F6CA296273EA00801CBE /* Build configuration list for PBXNativeTarget "GitRepositorySearchTests" */ = {
			isa = XCConfigurationList;
			buildConfigurations = (
				C4A0F6CB296273EA00801CBE /* Debug */,
				C4A0F6CC296273EA00801CBE /* Release */,
			);
			defaultConfigurationIsVisible = 0;
			defaultConfigurationName = Release;
		};
/* End XCConfigurationList section */
	};
	rootObject = C4A0F695296273E800801CBE /* Project object */;
}
